PODS:
  - AFNetworking (4.0.1):
    - AFNetworking/NSURLSession (= 4.0.1)
    - AFNetworking/Reachability (= 4.0.1)
    - AFNetworking/Security (= 4.0.1)
    - AFNetworking/Serialization (= 4.0.1)
    - AFNetworking/UIKit (= 4.0.1)
  - AFNetworking/NSURLSession (4.0.1):
    - AFNetworking/Reachability
    - AFNetworking/Security
    - AFNetworking/Serialization
  - AFNetworking/Reachability (4.0.1)
  - AFNetworking/Security (4.0.1)
  - AFNetworking/Serialization (4.0.1)
  - AFNetworking/UIKit (4.0.1):
    - AFNetworking/NSURLSession
  - Mantle (2.2.0)
  - Masonry (1.1.0)

DEPENDENCIES:
  - AFNetworking (from `https://github.com/AFNetworking/AFNetworking.git`, tag `4.0.1`)
  - Mantle (from `Podspecs/Mantle.podspec`)
  - Masonry (from `https://github.com/SnapKit/Masonry.git`, tag `v1.1.0`)

EXTERNAL SOURCES:
  AFNetworking:
    :git: https://github.com/AFNetworking/AFNetworking.git
    :tag: 4.0.1
  Mantle:
    :podspec: Podspecs/Mantle.podspec
  Masonry:
    :git: https://github.com/SnapKit/Masonry.git
    :tag: v1.1.0

CHECKOUT OPTIONS:
  AFNetworking:
    :git: https://github.com/AFNetworking/AFNetworking.git
    :tag: 4.0.1
  Masonry:
    :git: https://github.com/SnapKit/Masonry.git
    :tag: v1.1.0

SPEC CHECKSUMS:
  AFNetworking: 7864c38297c79aaca1500c33288e429c3451fdce
  Mantle: 131f03e22ddf87e763023e22e0f05f78bcb2bb68
  Masonry: 678fab65091a9290e40e2832a55e7ab731aad201

PODFILE CHECKSUM: 7cdb4d40c9b5fb946b56601ad1f64318d4b0dcba

COCOAPODS: 1.5.3
